
Microsoft Visual Studio Solution File, Format Version 12.00
# Visual Studio Version 16
VisualStudioVersion = 16.0.30413.136
MinimumVisualStudioVersion = 10.0.40219.1
Project("{FAE04EC0-301F-11D3-BF4B-00C04F79EFBC}") = "09.10.20 Explorer", "09.10.20 Explorer\09.10.20 Explorer.csproj", "{253F2D39-A4A2-4992-AFDE-BCF2016EA66E}"
EndProject
Global
	GlobalSection(SolutionConfigurationPlatforms) = preSolution
		Debug|Any CPU = Debug|Any CPU
		Release|Any CPU = Release|Any CPU
	EndGlobalSection
	GlobalSection(ProjectConfigurationPlatforms) = postSolution
		{253F2D39-A4A2-4992-AFDE-BCF2016EA66E}.Debug|Any CPU.ActiveCfg = Debug|Any CPU
		{253F2D39-A4A2-4992-AFDE-BCF2016EA66E}.Debug|Any CPU.Build.0 = Debug|Any CPU
		{253F2D39-A4A2-4992-AFDE-BCF2016EA66E}.Release|Any CPU.ActiveCfg = Release|Any CPU
		{253F2D39-A4A2-4992-AFDE-BCF2016EA66E}.Release|Any CPU.Build.0 = Release|Any CPU
	EndGlobalSection
	GlobalSection(SolutionProperties) = preSolution
		HideSolutionNode = FALSE
	EndGlobalSection
	GlobalSection(ExtensibilityGlobals) = postSolution
		SolutionGuid = {210A7B6B-DF2A-432F-B062-3F766E64A435}
	EndGlobalSection
EndGlobal
