
Microsoft Visual Studio Solution File, Format Version 12.00
# Visual Studio Version 16
VisualStudioVersion = 16.0.30413.136
MinimumVisualStudioVersion = 10.0.40219.1
Project("{FAE04EC0-301F-11D3-BF4B-00C04F79EFBC}") = "16.09.20 ATM", "16.09.20 ATM\16.09.20 ATM.csproj", "{FDCA8E28-793A-4354-A92C-A2C81F4A2943}"
EndProject
Global
	GlobalSection(SolutionConfigurationPlatforms) = preSolution
		Debug|Any CPU = Debug|Any CPU
		Release|Any CPU = Release|Any CPU
	EndGlobalSection
	GlobalSection(ProjectConfigurationPlatforms) = postSolution
		{FDCA8E28-793A-4354-A92C-A2C81F4A2943}.Debug|Any CPU.ActiveCfg = Debug|Any CPU
		{FDCA8E28-793A-4354-A92C-A2C81F4A2943}.Debug|Any CPU.Build.0 = Debug|Any CPU
		{FDCA8E28-793A-4354-A92C-A2C81F4A2943}.Release|Any CPU.ActiveCfg = Release|Any CPU
		{FDCA8E28-793A-4354-A92C-A2C81F4A2943}.Release|Any CPU.Build.0 = Release|Any CPU
	EndGlobalSection
	GlobalSection(SolutionProperties) = preSolution
		HideSolutionNode = FALSE
	EndGlobalSection
	GlobalSection(ExtensibilityGlobals) = postSolution
		SolutionGuid = {65EC8BC1-A2AC-4C5F-9D08-53BE73D091E5}
	EndGlobalSection
EndGlobal
