
Microsoft Visual Studio Solution File, Format Version 12.00
# Visual Studio Version 16
VisualStudioVersion = 16.0.30413.136
MinimumVisualStudioVersion = 10.0.40219.1
Project("{FAE04EC0-301F-11D3-BF4B-00C04F79EFBC}") = "25.09.20 Structures", "25.09.20 Structures\25.09.20 Structures.csproj", "{BE01E8CA-4EFF-4BD4-B69D-F114CA245B50}"
EndProject
Global
	GlobalSection(SolutionConfigurationPlatforms) = preSolution
		Debug|Any CPU = Debug|Any CPU
		Release|Any CPU = Release|Any CPU
	EndGlobalSection
	GlobalSection(ProjectConfigurationPlatforms) = postSolution
		{BE01E8CA-4EFF-4BD4-B69D-F114CA245B50}.Debug|Any CPU.ActiveCfg = Debug|Any CPU
		{BE01E8CA-4EFF-4BD4-B69D-F114CA245B50}.Debug|Any CPU.Build.0 = Debug|Any CPU
		{BE01E8CA-4EFF-4BD4-B69D-F114CA245B50}.Release|Any CPU.ActiveCfg = Release|Any CPU
		{BE01E8CA-4EFF-4BD4-B69D-F114CA245B50}.Release|Any CPU.Build.0 = Release|Any CPU
	EndGlobalSection
	GlobalSection(SolutionProperties) = preSolution
		HideSolutionNode = FALSE
	EndGlobalSection
	GlobalSection(ExtensibilityGlobals) = postSolution
		SolutionGuid = {65CEE452-2B1C-488A-AA4C-0C2BF4D0D5FE}
	EndGlobalSection
EndGlobal
